{
  "originHash" : "2ddbc5dabb6d4ec9925cf540a0f81551d411083913bac7d4ed310dc62911de03",
  "pins" : [
    {
      "identity" : "lottie-ios",
      "kind" : "remoteSourceControl",
      "location" : "https://github.com/airbnb/lottie-ios",
      "state" : {
        "revision" : "769b88d83a42ca8d5572b020c96f47e3690b3796",
        "version" : "4.4.3"
      }
    },
    {
      "identity" : "navigationkit",
      "kind" : "remoteSourceControl",
      "location" : "https://github.com/theosementa/NavigationKit",
      "state" : {
        "branch" : "main",
        "revision" : "42108930c14cfe79d2519120c6c36daa9f7df011"
      }
    }
  ],
  "version" : 3
}
