// !$*UTF8*$!
{
	archiveVersion = 1;
	classes = {
	};
	objectVersion = 77;
	objects = {

/* Begin PBXBuildFile section */
		D91499852D4FE91D004DBE15 /* GoogleSignIn in Frameworks */ = {isa = PBXBuildFile; productRef = D91499842D4FE91D004DBE15 /* GoogleSignIn */; };
		D91499872D4FE91D004DBE15 /* GoogleSignInSwift in Frameworks */ = {isa = PBXBuildFile; productRef = D91499862D4FE91D004DBE15 /* GoogleSignInSwift */; };
		D96B00F62D4E2936002E88F4 /* NavigationKit in Frameworks */ = {isa = PBXBuildFile; productRef = D96B00F52D4E2936002E88F4 /* NavigationKit */; };
		D9B1CC0E2D4D1C1B00D40513 /* Lottie in Frameworks */ = {isa = PBXBuildFile; productRef = D9B1CC0D2D4D1C1B00D40513 /* Lottie */; };
		D9D658CD2D5A5F9B0047D4A6 /* WidgetKit.framework in Frameworks */ = {isa = PBXBuildFile; fileRef = D9D658CC2D5A5F9B0047D4A6 /* WidgetKit.framework */; };
		D9D658CF2D5A5F9B0047D4A6 /* SwiftUI.framework in Frameworks */ = {isa = PBXBuildFile; fileRef = D9D658CE2D5A5F9B0047D4A6 /* SwiftUI.framework */; };
		D9D658E02D5A5F9C0047D4A6 /* EventlyWidgetExtension.appex in Embed Foundation Extensions */ = {isa = PBXBuildFile; fileRef = D9D658CA2D5A5F9B0047D4A6 /* EventlyWidgetExtension.appex */; settings = {ATTRIBUTES = (RemoveHeadersOnCopy, ); }; };
/* End PBXBuildFile section */

/* Begin PBXContainerItemProxy section */
		D9D658DE2D5A5F9C0047D4A6 /* PBXContainerItemProxy */ = {
			isa = PBXContainerItemProxy;
			containerPortal = D9819C2C2D496BE800154969 /* Project object */;
			proxyType = 1;
			remoteGlobalIDString = D9D658C92D5A5F9B0047D4A6;
			remoteInfo = EventlyWidgetExtension;
		};
/* End PBXContainerItemProxy section */

/* Begin PBXCopyFilesBuildPhase section */
		D9D658E12D5A5F9C0047D4A6 /* Embed Foundation Extensions */ = {
			isa = PBXCopyFilesBuildPhase;
			buildActionMask = 2147483647;
			dstPath = "";
			dstSubfolderSpec = 13;
			files = (
				D9D658E02D5A5F9C0047D4A6 /* EventlyWidgetExtension.appex in Embed Foundation Extensions */,
			);
			name = "Embed Foundation Extensions";
			runOnlyForDeploymentPostprocessing = 0;
		};
/* End PBXCopyFilesBuildPhase section */

/* Begin PBXFileReference section */
		D9819C342D496BE800154969 /* Evently.app */ = {isa = PBXFileReference; explicitFileType = wrapper.application; includeInIndex = 0; path = Evently.app; sourceTree = BUILT_PRODUCTS_DIR; };
		D9D658CA2D5A5F9B0047D4A6 /* EventlyWidgetExtension.appex */ = {isa = PBXFileReference; explicitFileType = "wrapper.app-extension"; includeInIndex = 0; path = EventlyWidgetExtension.appex; sourceTree = BUILT_PRODUCTS_DIR; };
		D9D658CC2D5A5F9B0047D4A6 /* WidgetKit.framework */ = {isa = PBXFileReference; lastKnownFileType = wrapper.framework; name = WidgetKit.framework; path = System/Library/Frameworks/WidgetKit.framework; sourceTree = SDKROOT; };
		D9D658CE2D5A5F9B0047D4A6 /* SwiftUI.framework */ = {isa = PBXFileReference; lastKnownFileType = wrapper.framework; name = SwiftUI.framework; path = System/Library/Frameworks/SwiftUI.framework; sourceTree = SDKROOT; };
		D9D6590A2D5A79550047D4A6 /* EventlyWidgetExtension.entitlements */ = {isa = PBXFileReference; lastKnownFileType = text.plist.entitlements; path = EventlyWidgetExtension.entitlements; sourceTree = "<group>"; };
/* End PBXFileReference section */

/* Begin PBXFileSystemSynchronizedBuildFileExceptionSet section */
		D90CE9E42D4ABEAF00AAB44A /* Exceptions for "Evently" folder in "Evently" target */ = {
			isa = PBXFileSystemSynchronizedBuildFileExceptionSet;
			membershipExceptions = (
				Info.plist,
			);
			target = D9819C332D496BE800154969 /* Evently */;
		};
		D9D658E52D5A5F9C0047D4A6 /* Exceptions for "EventlyWidget" folder in "EventlyWidgetExtension" target */ = {
			isa = PBXFileSystemSynchronizedBuildFileExceptionSet;
			membershipExceptions = (
				Info.plist,
			);
			target = D9D658C92D5A5F9B0047D4A6 /* EventlyWidgetExtension */;
		};
		D9D658E92D5A60560047D4A6 /* Exceptions for "EventlyWidget" folder in "Evently" target */ = {
			isa = PBXFileSystemSynchronizedBuildFileExceptionSet;
			membershipExceptions = (
				EventModelWidget.swift,
			);
			target = D9819C332D496BE800154969 /* Evently */;
		};
		D9D658EB2D5A61BC0047D4A6 /* Exceptions for "Evently" folder in "EventlyWidgetExtension" target */ = {
			isa = PBXFileSystemSynchronizedBuildFileExceptionSet;
			membershipExceptions = (
				"/Localized: Resources/Localizable/Localizable.strings",
				Core/AppConstant.swift,
				Core/Network/APIRequester/CategoryAPIRequester.swift,
				Core/Network/APIRequester/EventAPIRequester.swift,
				Core/Network/APIRequester/FolderAPIRequester.swift,
				Core/Network/APIRequester/UserAPIRequester.swift,
				Core/Network/Components/Banner.swift,
				"Core/Network/Extensions/Banner+Extensions.swift",
				Core/Network/Generic/APIRequestBuilder.swift,
				Core/Network/Generic/NetworkError.swift,
				Core/Network/Generic/NetworkPath.swift,
				Core/Network/Generic/NetworkService.swift,
				Core/Network/Managers/BannerManager.swift,
				Core/Network/Managers/TokenManager.swift,
				Core/Network/Services/CategoryService.swift,
				Core/Network/Services/EventService.swift,
				Core/Network/Services/FolderService.swift,
				Core/Network/Services/UserService.swift,
				Core/Stores/CategoryStore.swift,
				Core/Stores/EventStore.swift,
				Core/Stores/FolderStore.swift,
				Core/Stores/UserStore.swift,
				Domain/Enums/EventFrequency.swift,
				Domain/Enums/KeychainKeys.swift,
				Domain/Models/API/AuthResponse.swift,
				Domain/Models/API/CategoryModel.swift,
				Domain/Models/API/EventModel.swift,
				Domain/Models/API/FolderModel.swift,
				Domain/Models/API/Friends/FriendRequestAcceptedModel.swift,
				Domain/Models/API/Friends/FriendRequestModel.swift,
				Domain/Models/API/InviteToken.swift,
				Domain/Models/API/StepTwoBody.swift,
				Domain/Models/API/UserModel.swift,
				Domain/Models/EventSection.swift,
				"Resources/Fonts/Nunito-Black.ttf",
				"Resources/Fonts/Nunito-Bold.ttf",
				"Resources/Fonts/Nunito-ExtraBold.ttf",
				"Resources/Fonts/Nunito-ExtraLight.ttf",
				"Resources/Fonts/Nunito-Light.ttf",
				"Resources/Fonts/Nunito-Medium.ttf",
				"Resources/Fonts/Nunito-Regular.ttf",
				"Resources/Fonts/Nunito-SemiBold.ttf",
				"Utilities/Extensions/Color+Extensions.swift",
				"Utilities/Extensions/Date+Extensions.swift",
				"Utilities/Extensions/Font+Extensions.swift",
				"Utilities/Extensions/Int+Extensions.swift",
				"Utilities/Extensions/LinearGradient+Extensions.swift",
				"Utilities/Extensions/String+Extensions.swift",
				Utilities/Helper/KeychainService.swift,
			);
			target = D9D658C92D5A5F9B0047D4A6 /* EventlyWidgetExtension */;
		};
/* End PBXFileSystemSynchronizedBuildFileExceptionSet section */

/* Begin PBXFileSystemSynchronizedRootGroup section */
		D9819C362D496BE800154969 /* Evently */ = {
			isa = PBXFileSystemSynchronizedRootGroup;
			exceptions = (
				D90CE9E42D4ABEAF00AAB44A /* Exceptions for "Evently" folder in "Evently" target */,
				D9D658EB2D5A61BC0047D4A6 /* Exceptions for "Evently" folder in "EventlyWidgetExtension" target */,
			);
			path = Evently;
			sourceTree = "<group>";
		};
		D9D658D02D5A5F9B0047D4A6 /* EventlyWidget */ = {
			isa = PBXFileSystemSynchronizedRootGroup;
			exceptions = (
				D9D658E92D5A60560047D4A6 /* Exceptions for "EventlyWidget" folder in "Evently" target */,
				D9D658E52D5A5F9C0047D4A6 /* Exceptions for "EventlyWidget" folder in "EventlyWidgetExtension" target */,
			);
			path = EventlyWidget;
			sourceTree = "<group>";
		};
/* End PBXFileSystemSynchronizedRootGroup section */

/* Begin PBXFrameworksBuildPhase section */
		D9819C312D496BE800154969 /* Frameworks */ = {
			isa = PBXFrameworksBuildPhase;
			buildActionMask = 2147483647;
			files = (
				D9B1CC0E2D4D1C1B00D40513 /* Lottie in Frameworks */,
				D96B00F62D4E2936002E88F4 /* NavigationKit in Frameworks */,
				D91499852D4FE91D004DBE15 /* GoogleSignIn in Frameworks */,
				D91499872D4FE91D004DBE15 /* GoogleSignInSwift in Frameworks */,
			);
			runOnlyForDeploymentPostprocessing = 0;
		};
		D9D658C72D5A5F9B0047D4A6 /* Frameworks */ = {
			isa = PBXFrameworksBuildPhase;
			buildActionMask = 2147483647;
			files = (
				D9D658CF2D5A5F9B0047D4A6 /* SwiftUI.framework in Frameworks */,
				D9D658CD2D5A5F9B0047D4A6 /* WidgetKit.framework in Frameworks */,
			);
			runOnlyForDeploymentPostprocessing = 0;
		};
/* End PBXFrameworksBuildPhase section */

/* Begin PBXGroup section */
		D9819C2B2D496BE800154969 = {
			isa = PBXGroup;
			children = (
				D9D6590A2D5A79550047D4A6 /* EventlyWidgetExtension.entitlements */,
				D9819C362D496BE800154969 /* Evently */,
				D9D658D02D5A5F9B0047D4A6 /* EventlyWidget */,
				D9D658CB2D5A5F9B0047D4A6 /* Frameworks */,
				D9819C352D496BE800154969 /* Products */,
			);
			sourceTree = "<group>";
		};
		D9819C352D496BE800154969 /* Products */ = {
			isa = PBXGroup;
			children = (
				D9819C342D496BE800154969 /* Evently.app */,
				D9D658CA2D5A5F9B0047D4A6 /* EventlyWidgetExtension.appex */,
			);
			name = Products;
			sourceTree = "<group>";
		};
		D9D658CB2D5A5F9B0047D4A6 /* Frameworks */ = {
			isa = PBXGroup;
			children = (
				D9D658CC2D5A5F9B0047D4A6 /* WidgetKit.framework */,
				D9D658CE2D5A5F9B0047D4A6 /* SwiftUI.framework */,
			);
			name = Frameworks;
			sourceTree = "<group>";
		};
/* End PBXGroup section */

/* Begin PBXNativeTarget section */
		D9819C332D496BE800154969 /* Evently */ = {
			isa = PBXNativeTarget;
			buildConfigurationList = D9819C422D496BE900154969 /* Build configuration list for PBXNativeTarget "Evently" */;
			buildPhases = (
				D9819C302D496BE800154969 /* Sources */,
				D9819C312D496BE800154969 /* Frameworks */,
				D9819C322D496BE800154969 /* Resources */,
				D91CA7EF2D4CCDE200F0B981 /* Swiftlint */,
				D9D658E12D5A5F9C0047D4A6 /* Embed Foundation Extensions */,
			);
			buildRules = (
			);
			dependencies = (
				D9D658DF2D5A5F9C0047D4A6 /* PBXTargetDependency */,
			);
			fileSystemSynchronizedGroups = (
				D9819C362D496BE800154969 /* Evently */,
			);
			name = Evently;
			packageProductDependencies = (
				D9B1CC0D2D4D1C1B00D40513 /* Lottie */,
				D96B00F52D4E2936002E88F4 /* NavigationKit */,
				D91499842D4FE91D004DBE15 /* GoogleSignIn */,
				D91499862D4FE91D004DBE15 /* GoogleSignInSwift */,
			);
			productName = Evently;
			productReference = D9819C342D496BE800154969 /* Evently.app */;
			productType = "com.apple.product-type.application";
		};
		D9D658C92D5A5F9B0047D4A6 /* EventlyWidgetExtension */ = {
			isa = PBXNativeTarget;
			buildConfigurationList = D9D658E42D5A5F9C0047D4A6 /* Build configuration list for PBXNativeTarget "EventlyWidgetExtension" */;
			buildPhases = (
				D9D658C62D5A5F9B0047D4A6 /* Sources */,
				D9D658C72D5A5F9B0047D4A6 /* Frameworks */,
				D9D658C82D5A5F9B0047D4A6 /* Resources */,
			);
			buildRules = (
			);
			dependencies = (
			);
			fileSystemSynchronizedGroups = (
				D9D658D02D5A5F9B0047D4A6 /* EventlyWidget */,
			);
			name = EventlyWidgetExtension;
			packageProductDependencies = (
			);
			productName = EventlyWidgetExtension;
			productReference = D9D658CA2D5A5F9B0047D4A6 /* EventlyWidgetExtension.appex */;
			productType = "com.apple.product-type.app-extension";
		};
/* End PBXNativeTarget section */

/* Begin PBXProject section */
		D9819C2C2D496BE800154969 /* Project object */ = {
			isa = PBXProject;
			attributes = {
				BuildIndependentTargetsInParallel = 1;
				LastSwiftUpdateCheck = 1620;
				LastUpgradeCheck = 1620;
				TargetAttributes = {
					D9819C332D496BE800154969 = {
						CreatedOnToolsVersion = 16.0;
					};
					D9D658C92D5A5F9B0047D4A6 = {
						CreatedOnToolsVersion = 16.2;
					};
				};
			};
			buildConfigurationList = D9819C2F2D496BE800154969 /* Build configuration list for PBXProject "Evently" */;
			developmentRegion = en;
			hasScannedForEncodings = 0;
			knownRegions = (
				en,
				Base,
				fr,
			);
			mainGroup = D9819C2B2D496BE800154969;
			minimizedProjectReferenceProxies = 1;
			packageReferences = (
				D9B1CC0C2D4D1C1B00D40513 /* XCRemoteSwiftPackageReference "lottie-ios" */,
				D96B00F42D4E2936002E88F4 /* XCRemoteSwiftPackageReference "NavigationKit" */,
				D91499832D4FE91D004DBE15 /* XCRemoteSwiftPackageReference "GoogleSignIn-iOS" */,
			);
			preferredProjectObjectVersion = 77;
			productRefGroup = D9819C352D496BE800154969 /* Products */;
			projectDirPath = "";
			projectRoot = "";
			targets = (
				D9819C332D496BE800154969 /* Evently */,
				D9D658C92D5A5F9B0047D4A6 /* EventlyWidgetExtension */,
			);
		};
/* End PBXProject section */

/* Begin PBXResourcesBuildPhase section */
		D9819C322D496BE800154969 /* Resources */ = {
			isa = PBXResourcesBuildPhase;
			buildActionMask = 2147483647;
			files = (
			);
			runOnlyForDeploymentPostprocessing = 0;
		};
		D9D658C82D5A5F9B0047D4A6 /* Resources */ = {
			isa = PBXResourcesBuildPhase;
			buildActionMask = 2147483647;
			files = (
			);
			runOnlyForDeploymentPostprocessing = 0;
		};
/* End PBXResourcesBuildPhase section */

/* Begin PBXShellScriptBuildPhase section */
		D91CA7EF2D4CCDE200F0B981 /* Swiftlint */ = {
			isa = PBXShellScriptBuildPhase;
			alwaysOutOfDate = 1;
			buildActionMask = 2147483647;
			files = (
			);
			inputFileListPaths = (
			);
			inputPaths = (
			);
			name = Swiftlint;
			outputFileListPaths = (
			);
			outputPaths = (
			);
			runOnlyForDeploymentPostprocessing = 0;
			shellPath = /bin/sh;
			shellScript = "if [[ \"$(uname -m)\" == arm64 ]]\nthen\n    export PATH=\"/opt/homebrew/bin:$PATH\"\nfi\n\nif which swiftlint > /dev/null; then\n  if [ \"${ENABLE_PREVIEWS}\" = \"YES\" ]; then\n    exit 0;\n  else\n    swiftlint --fix; swiftlint; \n  fi\nelse\n  echo \"warning: SwiftLint not installed, download from https://github.com/realm/SwiftLint\"\nfi\n";
		};
/* End PBXShellScriptBuildPhase section */

/* Begin PBXSourcesBuildPhase section */
		D9819C302D496BE800154969 /* Sources */ = {
			isa = PBXSourcesBuildPhase;
			buildActionMask = 2147483647;
			files = (
			);
			runOnlyForDeploymentPostprocessing = 0;
		};
		D9D658C62D5A5F9B0047D4A6 /* Sources */ = {
			isa = PBXSourcesBuildPhase;
			buildActionMask = 2147483647;
			files = (
			);
			runOnlyForDeploymentPostprocessing = 0;
		};
/* End PBXSourcesBuildPhase section */

/* Begin PBXTargetDependency section */
		D9D658DF2D5A5F9C0047D4A6 /* PBXTargetDependency */ = {
			isa = PBXTargetDependency;
			target = D9D658C92D5A5F9B0047D4A6 /* EventlyWidgetExtension */;
			targetProxy = D9D658DE2D5A5F9C0047D4A6 /* PBXContainerItemProxy */;
		};
/* End PBXTargetDependency section */

/* Begin XCBuildConfiguration section */
		D9819C402D496BE900154969 /* Debug */ = {
			isa = XCBuildConfiguration;
			buildSettings = {
				ALWAYS_SEARCH_USER_PATHS = NO;
				ASSETCATALOG_COMPILER_GENERATE_SWIFT_ASSET_SYMBOL_EXTENSIONS = YES;
				CLANG_ANALYZER_LOCALIZABILITY_NONLOCALIZED = YES;
				CLANG_ANALYZER_NONNULL = YES;
				CLANG_ANALYZER_NUMBER_OBJECT_CONVERSION = YES_AGGRESSIVE;
				CLANG_CXX_LANGUAGE_STANDARD = "gnu++20";
				CLANG_ENABLE_MODULES = YES;
				CLANG_ENABLE_OBJC_ARC = YES;
				CLANG_ENABLE_OBJC_WEAK = YES;
				CLANG_WARN_BLOCK_CAPTURE_AUTORELEASING = YES;
				CLANG_WARN_BOOL_CONVERSION = YES;
				CLANG_WARN_COMMA = YES;
				CLANG_WARN_CONSTANT_CONVERSION = YES;
				CLANG_WARN_DEPRECATED_OBJC_IMPLEMENTATIONS = YES;
				CLANG_WARN_DIRECT_OBJC_ISA_USAGE = YES_ERROR;
				CLANG_WARN_DOCUMENTATION_COMMENTS = YES;
				CLANG_WARN_EMPTY_BODY = YES;
				CLANG_WARN_ENUM_CONVERSION = YES;
				CLANG_WARN_INFINITE_RECURSION = YES;
				CLANG_WARN_INT_CONVERSION = YES;
				CLANG_WARN_NON_LITERAL_NULL_CONVERSION = YES;
				CLANG_WARN_OBJC_IMPLICIT_RETAIN_SELF = YES;
				CLANG_WARN_OBJC_LITERAL_CONVERSION = YES;
				CLANG_WARN_OBJC_ROOT_CLASS = YES_ERROR;
				CLANG_WARN_QUOTED_INCLUDE_IN_FRAMEWORK_HEADER = YES;
				CLANG_WARN_RANGE_LOOP_ANALYSIS = YES;
				CLANG_WARN_STRICT_PROTOTYPES = YES;
				CLANG_WARN_SUSPICIOUS_MOVE = YES;
				CLANG_WARN_UNGUARDED_AVAILABILITY = YES_AGGRESSIVE;
				CLANG_WARN_UNREACHABLE_CODE = YES;
				CLANG_WARN__DUPLICATE_METHOD_MATCH = YES;
				COPY_PHASE_STRIP = NO;
				DEBUG_INFORMATION_FORMAT = dwarf;
				ENABLE_STRICT_OBJC_MSGSEND = YES;
				ENABLE_TESTABILITY = YES;
				ENABLE_USER_SCRIPT_SANDBOXING = YES;
				GCC_C_LANGUAGE_STANDARD = gnu17;
				GCC_DYNAMIC_NO_PIC = NO;
				GCC_NO_COMMON_BLOCKS = YES;
				GCC_OPTIMIZATION_LEVEL = 0;
				GCC_PREPROCESSOR_DEFINITIONS = (
					"DEBUG=1",
					"$(inherited)",
				);
				GCC_WARN_64_TO_32_BIT_CONVERSION = YES;
				GCC_WARN_ABOUT_RETURN_TYPE = YES_ERROR;
				GCC_WARN_UNDECLARED_SELECTOR = YES;
				GCC_WARN_UNINITIALIZED_AUTOS = YES_AGGRESSIVE;
				GCC_WARN_UNUSED_FUNCTION = YES;
				GCC_WARN_UNUSED_VARIABLE = YES;
				IPHONEOS_DEPLOYMENT_TARGET = 18.0;
				LOCALIZATION_PREFERS_STRING_CATALOGS = YES;
				MTL_ENABLE_DEBUG_INFO = INCLUDE_SOURCE;
				MTL_FAST_MATH = YES;
				ONLY_ACTIVE_ARCH = YES;
				SDKROOT = iphoneos;
				SWIFT_ACTIVE_COMPILATION_CONDITIONS = "DEBUG $(inherited)";
				SWIFT_OPTIMIZATION_LEVEL = "-Onone";
			};
			name = Debug;
		};
		D9819C412D496BE900154969 /* Release */ = {
			isa = XCBuildConfiguration;
			buildSettings = {
				ALWAYS_SEARCH_USER_PATHS = NO;
				ASSETCATALOG_COMPILER_GENERATE_SWIFT_ASSET_SYMBOL_EXTENSIONS = YES;
				CLANG_ANALYZER_LOCALIZABILITY_NONLOCALIZED = YES;
				CLANG_ANALYZER_NONNULL = YES;
				CLANG_ANALYZER_NUMBER_OBJECT_CONVERSION = YES_AGGRESSIVE;
				CLANG_CXX_LANGUAGE_STANDARD = "gnu++20";
				CLANG_ENABLE_MODULES = YES;
				CLANG_ENABLE_OBJC_ARC = YES;
				CLANG_ENABLE_OBJC_WEAK = YES;
				CLANG_WARN_BLOCK_CAPTURE_AUTORELEASING = YES;
				CLANG_WARN_BOOL_CONVERSION = YES;
				CLANG_WARN_COMMA = YES;
				CLANG_WARN_CONSTANT_CONVERSION = YES;
				CLANG_WARN_DEPRECATED_OBJC_IMPLEMENTATIONS = YES;
				CLANG_WARN_DIRECT_OBJC_ISA_USAGE = YES_ERROR;
				CLANG_WARN_DOCUMENTATION_COMMENTS = YES;
				CLANG_WARN_EMPTY_BODY = YES;
				CLANG_WARN_ENUM_CONVERSION = YES;
				CLANG_WARN_INFINITE_RECURSION = YES;
				CLANG_WARN_INT_CONVERSION = YES;
				CLANG_WARN_NON_LITERAL_NULL_CONVERSION = YES;
				CLANG_WARN_OBJC_IMPLICIT_RETAIN_SELF = YES;
				CLANG_WARN_OBJC_LITERAL_CONVERSION = YES;
				CLANG_WARN_OBJC_ROOT_CLASS = YES_ERROR;
				CLANG_WARN_QUOTED_INCLUDE_IN_FRAMEWORK_HEADER = YES;
				CLANG_WARN_RANGE_LOOP_ANALYSIS = YES;
				CLANG_WARN_STRICT_PROTOTYPES = YES;
				CLANG_WARN_SUSPICIOUS_MOVE = YES;
				CLANG_WARN_UNGUARDED_AVAILABILITY = YES_AGGRESSIVE;
				CLANG_WARN_UNREACHABLE_CODE = YES;
				CLANG_WARN__DUPLICATE_METHOD_MATCH = YES;
				COPY_PHASE_STRIP = NO;
				DEBUG_INFORMATION_FORMAT = "dwarf-with-dsym";
				ENABLE_NS_ASSERTIONS = NO;
				ENABLE_STRICT_OBJC_MSGSEND = YES;
				ENABLE_USER_SCRIPT_SANDBOXING = YES;
				GCC_C_LANGUAGE_STANDARD = gnu17;
				GCC_NO_COMMON_BLOCKS = YES;
				GCC_WARN_64_TO_32_BIT_CONVERSION = YES;
				GCC_WARN_ABOUT_RETURN_TYPE = YES_ERROR;
				GCC_WARN_UNDECLARED_SELECTOR = YES;
				GCC_WARN_UNINITIALIZED_AUTOS = YES_AGGRESSIVE;
				GCC_WARN_UNUSED_FUNCTION = YES;
				GCC_WARN_UNUSED_VARIABLE = YES;
				IPHONEOS_DEPLOYMENT_TARGET = 18.0;
				LOCALIZATION_PREFERS_STRING_CATALOGS = YES;
				MTL_ENABLE_DEBUG_INFO = NO;
				MTL_FAST_MATH = YES;
				SDKROOT = iphoneos;
				SWIFT_COMPILATION_MODE = wholemodule;
				VALIDATE_PRODUCT = YES;
			};
			name = Release;
		};
		D9819C432D496BE900154969 /* Debug */ = {
			isa = XCBuildConfiguration;
			buildSettings = {
				ASSETCATALOG_COMPILER_ALTERNATE_APPICON_NAMES = "";
				ASSETCATALOG_COMPILER_APPICON_NAME = AppIconDev;
				ASSETCATALOG_COMPILER_GLOBAL_ACCENT_COLOR_NAME = AccentColor;
				CODE_SIGN_ENTITLEMENTS = Evently/Evently.entitlements;
				CODE_SIGN_STYLE = Automatic;
				CURRENT_PROJECT_VERSION = 20250213;
				DEVELOPMENT_ASSET_PATHS = "\"Evently/Preview Content\"";
				DEVELOPMENT_TEAM = 8TMMB69WBG;
				ENABLE_PREVIEWS = YES;
				ENABLE_USER_SCRIPT_SANDBOXING = NO;
				GENERATE_INFOPLIST_FILE = YES;
				INFOPLIST_FILE = Evently/Info.plist;
				INFOPLIST_KEY_CFBundleDisplayName = Evently;
				INFOPLIST_KEY_LSApplicationCategoryType = "public.app-category.utilities";
				INFOPLIST_KEY_UIApplicationSceneManifest_Generation = YES;
				INFOPLIST_KEY_UIApplicationSupportsIndirectInputEvents = YES;
				INFOPLIST_KEY_UILaunchScreen_Generation = YES;
				INFOPLIST_KEY_UISupportedInterfaceOrientations = UIInterfaceOrientationPortrait;
				INFOPLIST_KEY_UISupportedInterfaceOrientations_iPad = "UIInterfaceOrientationLandscapeLeft UIInterfaceOrientationLandscapeRight UIInterfaceOrientationPortrait UIInterfaceOrientationPortraitUpsideDown";
				IPHONEOS_DEPLOYMENT_TARGET = 17.0;
				LD_RUNPATH_SEARCH_PATHS = (
					"$(inherited)",
					"@executable_path/Frameworks",
				);
				MARKETING_VERSION = 0.0.2;
				PRODUCT_BUNDLE_IDENTIFIER = sementa.com.Evently;
				PRODUCT_NAME = "$(TARGET_NAME)";
				SUPPORTED_PLATFORMS = "iphoneos iphonesimulator";
				SUPPORTS_MACCATALYST = NO;
				SUPPORTS_MAC_DESIGNED_FOR_IPHONE_IPAD = NO;
				SUPPORTS_XR_DESIGNED_FOR_IPHONE_IPAD = NO;
				SWIFT_EMIT_LOC_STRINGS = YES;
				SWIFT_VERSION = 5.0;
				TARGETED_DEVICE_FAMILY = "1,2";
			};
			name = Debug;
		};
		D9819C442D496BE900154969 /* Release */ = {
			isa = XCBuildConfiguration;
			buildSettings = {
				ASSETCATALOG_COMPILER_ALTERNATE_APPICON_NAMES = "";
				ASSETCATALOG_COMPILER_APPICON_NAME = AppIcon;
				ASSETCATALOG_COMPILER_GLOBAL_ACCENT_COLOR_NAME = AccentColor;
				CODE_SIGN_ENTITLEMENTS = Evently/Evently.entitlements;
				CODE_SIGN_STYLE = Automatic;
				CURRENT_PROJECT_VERSION = 20250213;
				DEVELOPMENT_ASSET_PATHS = "\"Evently/Preview Content\"";
				DEVELOPMENT_TEAM = 8TMMB69WBG;
				ENABLE_PREVIEWS = YES;
				ENABLE_USER_SCRIPT_SANDBOXING = NO;
				GENERATE_INFOPLIST_FILE = YES;
				INFOPLIST_FILE = Evently/Info.plist;
				INFOPLIST_KEY_CFBundleDisplayName = Evently;
				INFOPLIST_KEY_LSApplicationCategoryType = "public.app-category.utilities";
				INFOPLIST_KEY_UIApplicationSceneManifest_Generation = YES;
				INFOPLIST_KEY_UIApplicationSupportsIndirectInputEvents = YES;
				INFOPLIST_KEY_UILaunchScreen_Generation = YES;
				INFOPLIST_KEY_UISupportedInterfaceOrientations = UIInterfaceOrientationPortrait;
				INFOPLIST_KEY_UISupportedInterfaceOrientations_iPad = "UIInterfaceOrientationLandscapeLeft UIInterfaceOrientationLandscapeRight UIInterfaceOrientationPortrait UIInterfaceOrientationPortraitUpsideDown";
				IPHONEOS_DEPLOYMENT_TARGET = 17.0;
				LD_RUNPATH_SEARCH_PATHS = (
					"$(inherited)",
					"@executable_path/Frameworks",
				);
				MARKETING_VERSION = 0.0.2;
				PRODUCT_BUNDLE_IDENTIFIER = sementa.com.Evently;
				PRODUCT_NAME = "$(TARGET_NAME)";
				SUPPORTED_PLATFORMS = "iphoneos iphonesimulator";
				SUPPORTS_MACCATALYST = NO;
				SUPPORTS_MAC_DESIGNED_FOR_IPHONE_IPAD = NO;
				SUPPORTS_XR_DESIGNED_FOR_IPHONE_IPAD = NO;
				SWIFT_EMIT_LOC_STRINGS = YES;
				SWIFT_VERSION = 5.0;
				TARGETED_DEVICE_FAMILY = "1,2";
			};
			name = Release;
		};
		D9D658E22D5A5F9C0047D4A6 /* Debug */ = {
			isa = XCBuildConfiguration;
			buildSettings = {
				ASSETCATALOG_COMPILER_GLOBAL_ACCENT_COLOR_NAME = AccentColor;
				ASSETCATALOG_COMPILER_WIDGET_BACKGROUND_COLOR_NAME = WidgetBackground;
				CODE_SIGN_ENTITLEMENTS = EventlyWidgetExtension.entitlements;
				CODE_SIGN_STYLE = Automatic;
				CURRENT_PROJECT_VERSION = 20250213;
				DEVELOPMENT_TEAM = 8TMMB69WBG;
				GENERATE_INFOPLIST_FILE = YES;
				INFOPLIST_FILE = EventlyWidget/Info.plist;
				INFOPLIST_KEY_CFBundleDisplayName = EventlyWidget;
				INFOPLIST_KEY_NSHumanReadableCopyright = "";
				IPHONEOS_DEPLOYMENT_TARGET = 17.0;
				LD_RUNPATH_SEARCH_PATHS = (
					"$(inherited)",
					"@executable_path/Frameworks",
					"@executable_path/../../Frameworks",
				);
				MARKETING_VERSION = 0.0.2;
				PRODUCT_BUNDLE_IDENTIFIER = sementa.com.Evently.EventlyWidget;
				PRODUCT_NAME = "$(TARGET_NAME)";
				SKIP_INSTALL = YES;
				SWIFT_EMIT_LOC_STRINGS = YES;
				SWIFT_VERSION = 5.0;
				TARGETED_DEVICE_FAMILY = "1,2";
			};
			name = Debug;
		};
		D9D658E32D5A5F9C0047D4A6 /* Release */ = {
			isa = XCBuildConfiguration;
			buildSettings = {
				ASSETCATALOG_COMPILER_GLOBAL_ACCENT_COLOR_NAME = AccentColor;
				ASSETCATALOG_COMPILER_WIDGET_BACKGROUND_COLOR_NAME = WidgetBackground;
				CODE_SIGN_ENTITLEMENTS = EventlyWidgetExtension.entitlements;
				CODE_SIGN_STYLE = Automatic;
				CURRENT_PROJECT_VERSION = 20250213;
				DEVELOPMENT_TEAM = 8TMMB69WBG;
				GENERATE_INFOPLIST_FILE = YES;
				INFOPLIST_FILE = EventlyWidget/Info.plist;
				INFOPLIST_KEY_CFBundleDisplayName = EventlyWidget;
				INFOPLIST_KEY_NSHumanReadableCopyright = "";
				IPHONEOS_DEPLOYMENT_TARGET = 17.0;
				LD_RUNPATH_SEARCH_PATHS = (
					"$(inherited)",
					"@executable_path/Frameworks",
					"@executable_path/../../Frameworks",
				);
				MARKETING_VERSION = 0.0.2;
				PRODUCT_BUNDLE_IDENTIFIER = sementa.com.Evently.EventlyWidget;
				PRODUCT_NAME = "$(TARGET_NAME)";
				SKIP_INSTALL = YES;
				SWIFT_EMIT_LOC_STRINGS = YES;
				SWIFT_VERSION = 5.0;
				TARGETED_DEVICE_FAMILY = "1,2";
			};
			name = Release;
		};
/* End XCBuildConfiguration section */

/* Begin XCConfigurationList section */
		D9819C2F2D496BE800154969 /* Build configuration list for PBXProject "Evently" */ = {
			isa = XCConfigurationList;
			buildConfigurations = (
				D9819C402D496BE900154969 /* Debug */,
				D9819C412D496BE900154969 /* Release */,
			);
			defaultConfigurationIsVisible = 0;
			defaultConfigurationName = Release;
		};
		D9819C422D496BE900154969 /* Build configuration list for PBXNativeTarget "Evently" */ = {
			isa = XCConfigurationList;
			buildConfigurations = (
				D9819C432D496BE900154969 /* Debug */,
				D9819C442D496BE900154969 /* Release */,
			);
			defaultConfigurationIsVisible = 0;
			defaultConfigurationName = Release;
		};
		D9D658E42D5A5F9C0047D4A6 /* Build configuration list for PBXNativeTarget "EventlyWidgetExtension" */ = {
			isa = XCConfigurationList;
			buildConfigurations = (
				D9D658E22D5A5F9C0047D4A6 /* Debug */,
				D9D658E32D5A5F9C0047D4A6 /* Release */,
			);
			defaultConfigurationIsVisible = 0;
			defaultConfigurationName = Release;
		};
/* End XCConfigurationList section */

/* Begin XCRemoteSwiftPackageReference section */
		D91499832D4FE91D004DBE15 /* XCRemoteSwiftPackageReference "GoogleSignIn-iOS" */ = {
			isa = XCRemoteSwiftPackageReference;
			repositoryURL = "https://github.com/google/GoogleSignIn-iOS";
			requirement = {
				kind = upToNextMajorVersion;
				minimumVersion = 8.0.0;
			};
		};
		D96B00F42D4E2936002E88F4 /* XCRemoteSwiftPackageReference "NavigationKit" */ = {
			isa = XCRemoteSwiftPackageReference;
			repositoryURL = "https://github.com/theosementa/NavigationKit";
			requirement = {
				kind = upToNextMajorVersion;
				minimumVersion = 1.0.0;
			};
		};
		D9B1CC0C2D4D1C1B00D40513 /* XCRemoteSwiftPackageReference "lottie-ios" */ = {
			isa = XCRemoteSwiftPackageReference;
			repositoryURL = "https://github.com/airbnb/lottie-ios";
			requirement = {
				kind = exactVersion;
				version = 4.4.3;
			};
		};
/* End XCRemoteSwiftPackageReference section */

/* Begin XCSwiftPackageProductDependency section */
		D91499842D4FE91D004DBE15 /* GoogleSignIn */ = {
			isa = XCSwiftPackageProductDependency;
			package = D91499832D4FE91D004DBE15 /* XCRemoteSwiftPackageReference "GoogleSignIn-iOS" */;
			productName = GoogleSignIn;
		};
		D91499862D4FE91D004DBE15 /* GoogleSignInSwift */ = {
			isa = XCSwiftPackageProductDependency;
			package = D91499832D4FE91D004DBE15 /* XCRemoteSwiftPackageReference "GoogleSignIn-iOS" */;
			productName = GoogleSignInSwift;
		};
		D96B00F52D4E2936002E88F4 /* NavigationKit */ = {
			isa = XCSwiftPackageProductDependency;
			package = D96B00F42D4E2936002E88F4 /* XCRemoteSwiftPackageReference "NavigationKit" */;
			productName = NavigationKit;
		};
		D9B1CC0D2D4D1C1B00D40513 /* Lottie */ = {
			isa = XCSwiftPackageProductDependency;
			package = D9B1CC0C2D4D1C1B00D40513 /* XCRemoteSwiftPackageReference "lottie-ios" */;
			productName = Lottie;
		};
/* End XCSwiftPackageProductDependency section */
	};
	rootObject = D9819C2C2D496BE800154969 /* Project object */;
}
